
Microsoft Visual Studio Solution File, Format Version 12.00
# Visual Studio Version 16
VisualStudioVersion = 16.0.30804.86
MinimumVisualStudioVersion = 10.0.40219.1
Project("{FAE04EC0-301F-11D3-BF4B-00C04F79EFBC}") = "LinkedIn_WorkingWithLINQ", "LinkedIn_WorkingWithLINQ\LinkedIn_WorkingWithLINQ.csproj", "{BD762299-FEB9-41AE-B4E7-191346A86DDE}"
EndProject
Global
	GlobalSection(SolutionConfigurationPlatforms) = preSolution
		Debug|Any CPU = Debug|Any CPU
		Release|Any CPU = Release|Any CPU
	EndGlobalSection
	GlobalSection(ProjectConfigurationPlatforms) = postSolution
		{BD762299-FEB9-41AE-B4E7-191346A86DDE}.Debug|Any CPU.ActiveCfg = Debug|Any CPU
		{BD762299-FEB9-41AE-B4E7-191346A86DDE}.Debug|Any CPU.Build.0 = Debug|Any CPU
		{BD762299-FEB9-41AE-B4E7-191346A86DDE}.Release|Any CPU.ActiveCfg = Release|Any CPU
		{BD762299-FEB9-41AE-B4E7-191346A86DDE}.Release|Any CPU.Build.0 = Release|Any CPU
	EndGlobalSection
	GlobalSection(SolutionProperties) = preSolution
		HideSolutionNode = FALSE
	EndGlobalSection
	GlobalSection(ExtensibilityGlobals) = postSolution
		SolutionGuid = {58AFA248-8989-4EC9-BEB5-CD14C6473569}
	EndGlobalSection
EndGlobal
